
Microsoft Visual Studio Solution File, Format Version 12.00
# Visual Studio Version 16
VisualStudioVersion = 16.0.29215.179
MinimumVisualStudioVersion = 10.0.40219.1
Project("{FAE04EC0-301F-11D3-BF4B-00C04F79EFBC}") = "BitOfTechnology", "BitOfTechnology\BitOfTechnology.csproj", "{F510349E-11C1-43E3-87B4-49F54C0FD58F}"
EndProject
Global
	GlobalSection(SolutionConfigurationPlatforms) = preSolution
		Debug|Any CPU = Debug|Any CPU
		Release|Any CPU = Release|Any CPU
	EndGlobalSection
	GlobalSection(ProjectConfigurationPlatforms) = postSolution
		{F510349E-11C1-43E3-87B4-49F54C0FD58F}.Debug|Any CPU.ActiveCfg = Debug|Any CPU
		{F510349E-11C1-43E3-87B4-49F54C0FD58F}.Debug|Any CPU.Build.0 = Debug|Any CPU
		{F510349E-11C1-43E3-87B4-49F54C0FD58F}.Release|Any CPU.ActiveCfg = Release|Any CPU
		{F510349E-11C1-43E3-87B4-49F54C0FD58F}.Release|Any CPU.Build.0 = Release|Any CPU
	EndGlobalSection
	GlobalSection(SolutionProperties) = preSolution
		HideSolutionNode = FALSE
	EndGlobalSection
	GlobalSection(ExtensibilityGlobals) = postSolution
		SolutionGuid = {2903EFFA-DA47-4F0B-8C6C-8AF35316C332}
	EndGlobalSection
EndGlobal
